
Microsoft Visual Studio Solution File, Format Version 12.00
# Visual Studio 15
VisualStudioVersion = 15.0.28010.2050
MinimumVisualStudioVersion = 10.0.40219.1
Project("{FAE04EC0-301F-11D3-BF4B-00C04F79EFBC}") = "HW11", "HW11\HW11.csproj", "{CC40A3EF-B9B1-49B0-906A-8E09F4A50234}"
EndProject
Global
	GlobalSection(SolutionConfigurationPlatforms) = preSolution
		Debug|Any CPU = Debug|Any CPU
		Release|Any CPU = Release|Any CPU
	EndGlobalSection
	GlobalSection(ProjectConfigurationPlatforms) = postSolution
		{CC40A3EF-B9B1-49B0-906A-8E09F4A50234}.Debug|Any CPU.ActiveCfg = Debug|Any CPU
		{CC40A3EF-B9B1-49B0-906A-8E09F4A50234}.Debug|Any CPU.Build.0 = Debug|Any CPU
		{CC40A3EF-B9B1-49B0-906A-8E09F4A50234}.Release|Any CPU.ActiveCfg = Release|Any CPU
		{CC40A3EF-B9B1-49B0-906A-8E09F4A50234}.Release|Any CPU.Build.0 = Release|Any CPU
	EndGlobalSection
	GlobalSection(SolutionProperties) = preSolution
		HideSolutionNode = FALSE
	EndGlobalSection
	GlobalSection(ExtensibilityGlobals) = postSolution
		SolutionGuid = {C36838F4-6F4C-4C9B-9681-66A79A35932D}
	EndGlobalSection
EndGlobal
